// !$*UTF8*$!
{
	archiveVersion = 1;
	classes = {
	};
	objectVersion = 50;
	objects = {

/* Begin PBXBuildFile section */
		5BC5294526C1C33400C26F86 /* AppDelegate.swift in Sources */ = {isa = PBXBuildFile; fileRef = 5BC5294426C1C33400C26F86 /* AppDelegate.swift */; };
		5BC5294726C1C33400C26F86 /* SceneDelegate.swift in Sources */ = {isa = PBXBuildFile; fileRef = 5BC5294626C1C33400C26F86 /* SceneDelegate.swift */; };
		5BC5294926C1C33400C26F86 /* ViewController.swift in Sources */ = {isa = PBXBuildFile; fileRef = 5BC5294826C1C33400C26F86 /* ViewController.swift */; };
		5BC5294C26C1C33400C26F86 /* Main.storyboard in Resources */ = {isa = PBXBuildFile; fileRef = 5BC5294A26C1C33400C26F86 /* Main.storyboard */; };
		5BC5294E26C1C33500C26F86 /* Assets.xcassets in Resources */ = {isa = PBXBuildFile; fileRef = 5BC5294D26C1C33500C26F86 /* Assets.xcassets */; };
		5BC5295126C1C33500C26F86 /* LaunchScreen.storyboard in Resources */ = {isa = PBXBuildFile; fileRef = 5BC5294F26C1C33500C26F86 /* LaunchScreen.storyboard */; };
		5BC5295F26C1C43D00C26F86 /* CloudKit.framework in Frameworks */ = {isa = PBXBuildFile; fileRef = 5BC5295E26C1C43D00C26F86 /* CloudKit.framework */; };
		5BC5296226C1C4BD00C26F86 /* Entry.swift in Sources */ = {isa = PBXBuildFile; fileRef = 5BC5296126C1C4BD00C26F86 /* Entry.swift */; };
		5BC5296426C1CBDF00C26F86 /* EntryController.swift in Sources */ = {isa = PBXBuildFile; fileRef = 5BC5296326C1CBDF00C26F86 /* EntryController.swift */; };
		5BC5296726C1CCDC00C26F86 /* EntryError.swift in Sources */ = {isa = PBXBuildFile; fileRef = 5BC5296626C1CCDC00C26F86 /* EntryError.swift */; };
		5BC5296B26C1DBBB00C26F86 /* EntryListTableViewController.swift in Sources */ = {isa = PBXBuildFile; fileRef = 5BC5296A26C1DBBB00C26F86 /* EntryListTableViewController.swift */; };
		5BC5296D26C1DCC800C26F86 /* DateFormatter.swift in Sources */ = {isa = PBXBuildFile; fileRef = 5BC5296C26C1DCC800C26F86 /* DateFormatter.swift */; };
		5BC5296F26C1DE0800C26F86 /* EntryDetailViewController.swift in Sources */ = {isa = PBXBuildFile; fileRef = 5BC5296E26C1DE0800C26F86 /* EntryDetailViewController.swift */; };
/* End PBXBuildFile section */

/* Begin PBXFileReference section */
		5BC5294126C1C33400C26F86 /* JournalCloudKit.app */ = {isa = PBXFileReference; explicitFileType = wrapper.application; includeInIndex = 0; path = JournalCloudKit.app; sourceTree = BUILT_PRODUCTS_DIR; };
		5BC5294426C1C33400C26F86 /* AppDelegate.swift */ = {isa = PBXFileReference; lastKnownFileType = sourcecode.swift; path = AppDelegate.swift; sourceTree = "<group>"; };
		5BC5294626C1C33400C26F86 /* SceneDelegate.swift */ = {isa = PBXFileReference; lastKnownFileType = sourcecode.swift; path = SceneDelegate.swift; sourceTree = "<group>"; };
		5BC5294826C1C33400C26F86 /* ViewController.swift */ = {isa = PBXFileReference; lastKnownFileType = sourcecode.swift; path = ViewController.swift; sourceTree = "<group>"; };
		5BC5294B26C1C33400C26F86 /* Base */ = {isa = PBXFileReference; lastKnownFileType = file.storyboard; name = Base; path = Base.lproj/Main.storyboard; sourceTree = "<group>"; };
		5BC5294D26C1C33500C26F86 /* Assets.xcassets */ = {isa = PBXFileReference; lastKnownFileType = folder.assetcatalog; path = Assets.xcassets; sourceTree = "<group>"; };
		5BC5295026C1C33500C26F86 /* Base */ = {isa = PBXFileReference; lastKnownFileType = file.storyboard; name = Base; path = Base.lproj/LaunchScreen.storyboard; sourceTree = "<group>"; };
		5BC5295226C1C33500C26F86 /* Info.plist */ = {isa = PBXFileReference; lastKnownFileType = text.plist.xml; path = Info.plist; sourceTree = "<group>"; };
		5BC5295C26C1C40400C26F86 /* JournalCloudKit.entitlements */ = {isa = PBXFileReference; lastKnownFileType = text.plist.entitlements; path = JournalCloudKit.entitlements; sourceTree = "<group>"; };
		5BC5295E26C1C43D00C26F86 /* CloudKit.framework */ = {isa = PBXFileReference; lastKnownFileType = wrapper.framework; name = CloudKit.framework; path = System/Library/Frameworks/CloudKit.framework; sourceTree = SDKROOT; };
		5BC5296126C1C4BD00C26F86 /* Entry.swift */ = {isa = PBXFileReference; lastKnownFileType = sourcecode.swift; path = Entry.swift; sourceTree = "<group>"; };
		5BC5296326C1CBDF00C26F86 /* EntryController.swift */ = {isa = PBXFileReference; lastKnownFileType = sourcecode.swift; path = EntryController.swift; sourceTree = "<group>"; };
		5BC5296626C1CCDC00C26F86 /* EntryError.swift */ = {isa = PBXFileReference; lastKnownFileType = sourcecode.swift; path = EntryError.swift; sourceTree = "<group>"; };
		5BC5296A26C1DBBB00C26F86 /* EntryListTableViewController.swift */ = {isa = PBXFileReference; lastKnownFileType = sourcecode.swift; path = EntryListTableViewController.swift; sourceTree = "<group>"; };
		5BC5296C26C1DCC800C26F86 /* DateFormatter.swift */ = {isa = PBXFileReference; lastKnownFileType = sourcecode.swift; path = DateFormatter.swift; sourceTree = "<group>"; };
		5BC5296E26C1DE0800C26F86 /* EntryDetailViewController.swift */ = {isa = PBXFileReference; lastKnownFileType = sourcecode.swift; path = EntryDetailViewController.swift; sourceTree = "<group>"; };
/* End PBXFileReference section */

/* Begin PBXFrameworksBuildPhase section */
		5BC5293E26C1C33400C26F86 /* Frameworks */ = {
			isa = PBXFrameworksBuildPhase;
			buildActionMask = 2147483647;
			files = (
				5BC5295F26C1C43D00C26F86 /* CloudKit.framework in Frameworks */,
			);
			runOnlyForDeploymentPostprocessing = 0;
		};
/* End PBXFrameworksBuildPhase section */

/* Begin PBXGroup section */
		5BC5293826C1C33400C26F86 = {
			isa = PBXGroup;
			children = (
				5BC5294326C1C33400C26F86 /* JournalCloudKit */,
				5BC5294226C1C33400C26F86 /* Products */,
				5BC5295D26C1C43D00C26F86 /* Frameworks */,
			);
			sourceTree = "<group>";
		};
		5BC5294226C1C33400C26F86 /* Products */ = {
			isa = PBXGroup;
			children = (
				5BC5294126C1C33400C26F86 /* JournalCloudKit.app */,
			);
			name = Products;
			sourceTree = "<group>";
		};
		5BC5294326C1C33400C26F86 /* JournalCloudKit */ = {
			isa = PBXGroup;
			children = (
				5BC5295C26C1C40400C26F86 /* JournalCloudKit.entitlements */,
				5BC5296826C1DB7900C26F86 /* Views */,
				5BC5296526C1CCC800C26F86 /* Helpers+Extensions */,
				5BC5296026C1C4A800C26F86 /* Model */,
				5BC5295926C1C36200C26F86 /* Controllers */,
				5BC5295826C1C35700C26F86 /* Resources */,
				5BC5294826C1C33400C26F86 /* ViewController.swift */,
			);
			path = JournalCloudKit;
			sourceTree = "<group>";
		};
		5BC5295826C1C35700C26F86 /* Resources */ = {
			isa = PBXGroup;
			children = (
				5BC5294426C1C33400C26F86 /* AppDelegate.swift */,
				5BC5294626C1C33400C26F86 /* SceneDelegate.swift */,
				5BC5294D26C1C33500C26F86 /* Assets.xcassets */,
				5BC5294F26C1C33500C26F86 /* LaunchScreen.storyboard */,
				5BC5295226C1C33500C26F86 /* Info.plist */,
			);
			path = Resources;
			sourceTree = "<group>";
		};
		5BC5295926C1C36200C26F86 /* Controllers */ = {
			isa = PBXGroup;
			children = (
				5BC5295B26C1C37100C26F86 /* View Controllers */,
				5BC5295A26C1C36A00C26F86 /* Model Controllers */,
			);
			path = Controllers;
			sourceTree = "<group>";
		};
		5BC5295A26C1C36A00C26F86 /* Model Controllers */ = {
			isa = PBXGroup;
			children = (
				5BC5296326C1CBDF00C26F86 /* EntryController.swift */,
			);
			path = "Model Controllers";
			sourceTree = "<group>";
		};
		5BC5295B26C1C37100C26F86 /* View Controllers */ = {
			isa = PBXGroup;
			children = (
				5BC5296A26C1DBBB00C26F86 /* EntryListTableViewController.swift */,
				5BC5296E26C1DE0800C26F86 /* EntryDetailViewController.swift */,
			);
			path = "View Controllers";
			sourceTree = "<group>";
		};
		5BC5295D26C1C43D00C26F86 /* Frameworks */ = {
			isa = PBXGroup;
			children = (
				5BC5295E26C1C43D00C26F86 /* CloudKit.framework */,
			);
			name = Frameworks;
			sourceTree = "<group>";
		};
		5BC5296026C1C4A800C26F86 /* Model */ = {
			isa = PBXGroup;
			children = (
				5BC5296126C1C4BD00C26F86 /* Entry.swift */,
			);
			path = Model;
			sourceTree = "<group>";
		};
		5BC5296526C1CCC800C26F86 /* Helpers+Extensions */ = {
			isa = PBXGroup;
			children = (
				5BC5296626C1CCDC00C26F86 /* EntryError.swift */,
				5BC5296C26C1DCC800C26F86 /* DateFormatter.swift */,
			);
			path = "Helpers+Extensions";
			sourceTree = "<group>";
		};
		5BC5296826C1DB7900C26F86 /* Views */ = {
			isa = PBXGroup;
			children = (
				5BC5296926C1DB8200C26F86 /* Storyboard */,
			);
			path = Views;
			sourceTree = "<group>";
		};
		5BC5296926C1DB8200C26F86 /* Storyboard */ = {
			isa = PBXGroup;
			children = (
				5BC5294A26C1C33400C26F86 /* Main.storyboard */,
			);
			path = Storyboard;
			sourceTree = "<group>";
		};
/* End PBXGroup section */

/* Begin PBXNativeTarget section */
		5BC5294026C1C33400C26F86 /* JournalCloudKit */ = {
			isa = PBXNativeTarget;
			buildConfigurationList = 5BC5295526C1C33500C26F86 /* Build configuration list for PBXNativeTarget "JournalCloudKit" */;
			buildPhases = (
				5BC5293D26C1C33400C26F86 /* Sources */,
				5BC5293E26C1C33400C26F86 /* Frameworks */,
				5BC5293F26C1C33400C26F86 /* Resources */,
			);
			buildRules = (
			);
			dependencies = (
			);
			name = JournalCloudKit;
			productName = JournalCloudKit;
			productReference = 5BC5294126C1C33400C26F86 /* JournalCloudKit.app */;
			productType = "com.apple.product-type.application";
		};
/* End PBXNativeTarget section */

/* Begin PBXProject section */
		5BC5293926C1C33400C26F86 /* Project object */ = {
			isa = PBXProject;
			attributes = {
				LastSwiftUpdateCheck = 1250;
				LastUpgradeCheck = 1250;
				TargetAttributes = {
					5BC5294026C1C33400C26F86 = {
						CreatedOnToolsVersion = 12.5.1;
					};
				};
			};
			buildConfigurationList = 5BC5293C26C1C33400C26F86 /* Build configuration list for PBXProject "JournalCloudKit" */;
			compatibilityVersion = "Xcode 9.3";
			developmentRegion = en;
			hasScannedForEncodings = 0;
			knownRegions = (
				en,
				Base,
			);
			mainGroup = 5BC5293826C1C33400C26F86;
			productRefGroup = 5BC5294226C1C33400C26F86 /* Products */;
			projectDirPath = "";
			projectRoot = "";
			targets = (
				5BC5294026C1C33400C26F86 /* JournalCloudKit */,
			);
		};
/* End PBXProject section */

/* Begin PBXResourcesBuildPhase section */
		5BC5293F26C1C33400C26F86 /* Resources */ = {
			isa = PBXResourcesBuildPhase;
			buildActionMask = 2147483647;
			files = (
				5BC5295126C1C33500C26F86 /* LaunchScreen.storyboard in Resources */,
				5BC5294E26C1C33500C26F86 /* Assets.xcassets in Resources */,
				5BC5294C26C1C33400C26F86 /* Main.storyboard in Resources */,
			);
			runOnlyForDeploymentPostprocessing = 0;
		};
/* End PBXResourcesBuildPhase section */

/* Begin PBXSourcesBuildPhase section */
		5BC5293D26C1C33400C26F86 /* Sources */ = {
			isa = PBXSourcesBuildPhase;
			buildActionMask = 2147483647;
			files = (
				5BC5296D26C1DCC800C26F86 /* DateFormatter.swift in Sources */,
				5BC5296226C1C4BD00C26F86 /* Entry.swift in Sources */,
				5BC5296726C1CCDC00C26F86 /* EntryError.swift in Sources */,
				5BC5294926C1C33400C26F86 /* ViewController.swift in Sources */,
				5BC5296B26C1DBBB00C26F86 /* EntryListTableViewController.swift in Sources */,
				5BC5296426C1CBDF00C26F86 /* EntryController.swift in Sources */,
				5BC5294526C1C33400C26F86 /* AppDelegate.swift in Sources */,
				5BC5296F26C1DE0800C26F86 /* EntryDetailViewController.swift in Sources */,
				5BC5294726C1C33400C26F86 /* SceneDelegate.swift in Sources */,
			);
			runOnlyForDeploymentPostprocessing = 0;
		};
/* End PBXSourcesBuildPhase section */

/* Begin PBXVariantGroup section */
		5BC5294A26C1C33400C26F86 /* Main.storyboard */ = {
			isa = PBXVariantGroup;
			children = (
				5BC5294B26C1C33400C26F86 /* Base */,
			);
			name = Main.storyboard;
			sourceTree = "<group>";
		};
		5BC5294F26C1C33500C26F86 /* LaunchScreen.storyboard */ = {
			isa = PBXVariantGroup;
			children = (
				5BC5295026C1C33500C26F86 /* Base */,
			);
			name = LaunchScreen.storyboard;
			sourceTree = "<group>";
		};
/* End PBXVariantGroup section */

/* Begin XCBuildConfiguration section */
		5BC5295326C1C33500C26F86 /* Debug */ = {
			isa = XCBuildConfiguration;
			buildSettings = {
				ALWAYS_SEARCH_USER_PATHS = NO;
				CLANG_ANALYZER_NONNULL = YES;
				CLANG_ANALYZER_NUMBER_OBJECT_CONVERSION = YES_AGGRESSIVE;
				CLANG_CXX_LANGUAGE_STANDARD = "gnu++14";
				CLANG_CXX_LIBRARY = "libc++";
				CLANG_ENABLE_MODULES = YES;
				CLANG_ENABLE_OBJC_ARC = YES;
				CLANG_ENABLE_OBJC_WEAK = YES;
				CLANG_WARN_BLOCK_CAPTURE_AUTORELEASING = YES;
				CLANG_WARN_BOOL_CONVERSION = YES;
				CLANG_WARN_COMMA = YES;
				CLANG_WARN_CONSTANT_CONVERSION = YES;
				CLANG_WARN_DEPRECATED_OBJC_IMPLEMENTATIONS = YES;
				CLANG_WARN_DIRECT_OBJC_ISA_USAGE = YES_ERROR;
				CLANG_WARN_DOCUMENTATION_COMMENTS = YES;
				CLANG_WARN_EMPTY_BODY = YES;
				CLANG_WARN_ENUM_CONVERSION = YES;
				CLANG_WARN_INFINITE_RECURSION = YES;
				CLANG_WARN_INT_CONVERSION = YES;
				CLANG_WARN_NON_LITERAL_NULL_CONVERSION = YES;
				CLANG_WARN_OBJC_IMPLICIT_RETAIN_SELF = YES;
				CLANG_WARN_OBJC_LITERAL_CONVERSION = YES;
				CLANG_WARN_OBJC_ROOT_CLASS = YES_ERROR;
				CLANG_WARN_QUOTED_INCLUDE_IN_FRAMEWORK_HEADER = YES;
				CLANG_WARN_RANGE_LOOP_ANALYSIS = YES;
				CLANG_WARN_STRICT_PROTOTYPES = YES;
				CLANG_WARN_SUSPICIOUS_MOVE = YES;
				CLANG_WARN_UNGUARDED_AVAILABILITY = YES_AGGRESSIVE;
				CLANG_WARN_UNREACHABLE_CODE = YES;
				CLANG_WARN__DUPLICATE_METHOD_MATCH = YES;
				COPY_PHASE_STRIP = NO;
				DEBUG_INFORMATION_FORMAT = dwarf;
				ENABLE_STRICT_OBJC_MSGSEND = YES;
				ENABLE_TESTABILITY = YES;
				GCC_C_LANGUAGE_STANDARD = gnu11;
				GCC_DYNAMIC_NO_PIC = NO;
				GCC_NO_COMMON_BLOCKS = YES;
				GCC_OPTIMIZATION_LEVEL = 0;
				GCC_PREPROCESSOR_DEFINITIONS = (
					"DEBUG=1",
					"$(inherited)",
				);
				GCC_WARN_64_TO_32_BIT_CONVERSION = YES;
				GCC_WARN_ABOUT_RETURN_TYPE = YES_ERROR;
				GCC_WARN_UNDECLARED_SELECTOR = YES;
				GCC_WARN_UNINITIALIZED_AUTOS = YES_AGGRESSIVE;
				GCC_WARN_UNUSED_FUNCTION = YES;
				GCC_WARN_UNUSED_VARIABLE = YES;
				IPHONEOS_DEPLOYMENT_TARGET = 14.5;
				MTL_ENABLE_DEBUG_INFO = INCLUDE_SOURCE;
				MTL_FAST_MATH = YES;
				ONLY_ACTIVE_ARCH = YES;
				SDKROOT = iphoneos;
				SWIFT_ACTIVE_COMPILATION_CONDITIONS = DEBUG;
				SWIFT_OPTIMIZATION_LEVEL = "-Onone";
			};
			name = Debug;
		};
		5BC5295426C1C33500C26F86 /* Release */ = {
			isa = XCBuildConfiguration;
			buildSettings = {
				ALWAYS_SEARCH_USER_PATHS = NO;
				CLANG_ANALYZER_NONNULL = YES;
				CLANG_ANALYZER_NUMBER_OBJECT_CONVERSION = YES_AGGRESSIVE;
				CLANG_CXX_LANGUAGE_STANDARD = "gnu++14";
				CLANG_CXX_LIBRARY = "libc++";
				CLANG_ENABLE_MODULES = YES;
				CLANG_ENABLE_OBJC_ARC = YES;
				CLANG_ENABLE_OBJC_WEAK = YES;
				CLANG_WARN_BLOCK_CAPTURE_AUTORELEASING = YES;
				CLANG_WARN_BOOL_CONVERSION = YES;
				CLANG_WARN_COMMA = YES;
				CLANG_WARN_CONSTANT_CONVERSION = YES;
				CLANG_WARN_DEPRECATED_OBJC_IMPLEMENTATIONS = YES;
				CLANG_WARN_DIRECT_OBJC_ISA_USAGE = YES_ERROR;
				CLANG_WARN_DOCUMENTATION_COMMENTS = YES;
				CLANG_WARN_EMPTY_BODY = YES;
				CLANG_WARN_ENUM_CONVERSION = YES;
				CLANG_WARN_INFINITE_RECURSION = YES;
				CLANG_WARN_INT_CONVERSION = YES;
				CLANG_WARN_NON_LITERAL_NULL_CONVERSION = YES;
				CLANG_WARN_OBJC_IMPLICIT_RETAIN_SELF = YES;
				CLANG_WARN_OBJC_LITERAL_CONVERSION = YES;
				CLANG_WARN_OBJC_ROOT_CLASS = YES_ERROR;
				CLANG_WARN_QUOTED_INCLUDE_IN_FRAMEWORK_HEADER = YES;
				CLANG_WARN_RANGE_LOOP_ANALYSIS = YES;
				CLANG_WARN_STRICT_PROTOTYPES = YES;
				CLANG_WARN_SUSPICIOUS_MOVE = YES;
				CLANG_WARN_UNGUARDED_AVAILABILITY = YES_AGGRESSIVE;
				CLANG_WARN_UNREACHABLE_CODE = YES;
				CLANG_WARN__DUPLICATE_METHOD_MATCH = YES;
				COPY_PHASE_STRIP = NO;
				DEBUG_INFORMATION_FORMAT = "dwarf-with-dsym";
				ENABLE_NS_ASSERTIONS = NO;
				ENABLE_STRICT_OBJC_MSGSEND = YES;
				GCC_C_LANGUAGE_STANDARD = gnu11;
				GCC_NO_COMMON_BLOCKS = YES;
				GCC_WARN_64_TO_32_BIT_CONVERSION = YES;
				GCC_WARN_ABOUT_RETURN_TYPE = YES_ERROR;
				GCC_WARN_UNDECLARED_SELECTOR = YES;
				GCC_WARN_UNINITIALIZED_AUTOS = YES_AGGRESSIVE;
				GCC_WARN_UNUSED_FUNCTION = YES;
				GCC_WARN_UNUSED_VARIABLE = YES;
				IPHONEOS_DEPLOYMENT_TARGET = 14.5;
				MTL_ENABLE_DEBUG_INFO = NO;
				MTL_FAST_MATH = YES;
				SDKROOT = iphoneos;
				SWIFT_COMPILATION_MODE = wholemodule;
				SWIFT_OPTIMIZATION_LEVEL = "-O";
				VALIDATE_PRODUCT = YES;
			};
			name = Release;
		};
		5BC5295626C1C33500C26F86 /* Debug */ = {
			isa = XCBuildConfiguration;
			buildSettings = {
				ASSETCATALOG_COMPILER_APPICON_NAME = AppIcon;
				ASSETCATALOG_COMPILER_GLOBAL_ACCENT_COLOR_NAME = AccentColor;
				CODE_SIGN_ENTITLEMENTS = JournalCloudKit/JournalCloudKit.entitlements;
				CODE_SIGN_STYLE = Automatic;
				DEVELOPMENT_TEAM = D5YK8XAHMK;
				INFOPLIST_FILE = JournalCloudKit/Resources/Info.plist;
				LD_RUNPATH_SEARCH_PATHS = (
					"$(inherited)",
					"@executable_path/Frameworks",
				);
				PRODUCT_BUNDLE_IDENTIFIER = com.bryangomez.JournalCloudKit;
				PRODUCT_NAME = "$(TARGET_NAME)";
				SWIFT_VERSION = 5.0;
				TARGETED_DEVICE_FAMILY = "1,2";
			};
			name = Debug;
		};
		5BC5295726C1C33500C26F86 /* Release */ = {
			isa = XCBuildConfiguration;
			buildSettings = {
				ASSETCATALOG_COMPILER_APPICON_NAME = AppIcon;
				ASSETCATALOG_COMPILER_GLOBAL_ACCENT_COLOR_NAME = AccentColor;
				CODE_SIGN_ENTITLEMENTS = JournalCloudKit/JournalCloudKit.entitlements;
				CODE_SIGN_STYLE = Automatic;
				DEVELOPMENT_TEAM = D5YK8XAHMK;
				INFOPLIST_FILE = JournalCloudKit/Resources/Info.plist;
				LD_RUNPATH_SEARCH_PATHS = (
					"$(inherited)",
					"@executable_path/Frameworks",
				);
				PRODUCT_BUNDLE_IDENTIFIER = com.bryangomez.JournalCloudKit;
				PRODUCT_NAME = "$(TARGET_NAME)";
				SWIFT_VERSION = 5.0;
				TARGETED_DEVICE_FAMILY = "1,2";
			};
			name = Release;
		};
/* End XCBuildConfiguration section */

/* Begin XCConfigurationList section */
		5BC5293C26C1C33400C26F86 /* Build configuration list for PBXProject "JournalCloudKit" */ = {
			isa = XCConfigurationList;
			buildConfigurations = (
				5BC5295326C1C33500C26F86 /* Debug */,
				5BC5295426C1C33500C26F86 /* Release */,
			);
			defaultConfigurationIsVisible = 0;
			defaultConfigurationName = Release;
		};
		5BC5295526C1C33500C26F86 /* Build configuration list for PBXNativeTarget "JournalCloudKit" */ = {
			isa = XCConfigurationList;
			buildConfigurations = (
				5BC5295626C1C33500C26F86 /* Debug */,
				5BC5295726C1C33500C26F86 /* Release */,
			);
			defaultConfigurationIsVisible = 0;
			defaultConfigurationName = Release;
		};
/* End XCConfigurationList section */
	};
	rootObject = 5BC5293926C1C33400C26F86 /* Project object */;
}
